{
  "version": "5",
  "specifiers": {
    "jsr:@mewhhaha/baba@0.3.7": "0.3.7",
    "jsr:@std/assert@1": "1.0.18",
    "jsr:@std/internal@^1.0.12": "1.0.12",
    "npm:@microsoft/tsdoc@0.15.1": "0.15.1",
    "npm:web-tree-sitter@*": "0.26.6",
    "npm:web-tree-sitter@0.26.6": "0.26.6"
  },
  "jsr": {
    "@mewhhaha/baba@0.3.7": {
      "integrity": "4378ae8ecfc13475c5690ff05bf0f94b0ba8fc31265774b5f8f2054967210d70"
    },
    "@std/assert@1.0.18": {
      "integrity": "270245e9c2c13b446286de475131dc688ca9abcd94fc5db41d43a219b34d1c78",
      "dependencies": [
        "jsr:@std/internal"
      ]
    },
    "@std/internal@1.0.12": {
      "integrity": "972a634fd5bc34b242024402972cd5143eac68d8dffaca5eaa4dba30ce17b027"
    }
  },
  "npm": {
    "@microsoft/tsdoc@0.15.1": {
      "integrity": "sha512-4aErSrCR/On/e5G2hDP0wjooqDdauzEbIq8hIkIe5pXV0rtWJZvdCEKL0ykZxex+IxIwBp0eGeV48hQN07dXtw=="
    },
    "web-tree-sitter@0.26.6": {
      "integrity": "sha512-fSPR7VBW/fZQdUSp/bXTDLT+i/9dwtbnqgEBMzowrM4U3DzeCwDbY3MKo0584uQxID4m/1xpLflrlT/rLIRPew=="
    }
  },
  "workspace": {
    "dependencies": [
      "jsr:@mewhhaha/baba@0.3.7",
      "npm:@microsoft/tsdoc@0.15.1",
      "npm:web-tree-sitter@0.26.6"
    ]
  }
}
